{
    "_readme": [
        "This file locks the dependencies of your project to a known state",
        "Read more about it at https://getcomposer.org/doc/01-basic-usage.md#installing-dependencies",
        "This file is @generated automatically"
    ],
    "content-hash": "c30f9a9a5de399f90436768128439030",
    "packages": [
        {
            "name": "composer/installers",
            "version": "v1.12.0",
            "source": {
                "type": "git",
                "url": "https://github.com/composer/installers.git",
                "reference": "d20a64ed3c94748397ff5973488761b22f6d3f19"
            },
            "dist": {
                "type": "zip",
                "url": "https://api.github.com/repos/composer/installers/zipball/d20a64ed3c94748397ff5973488761b22f6d3f19",
                "reference": "d20a64ed3c94748397ff5973488761b22f6d3f19",
                "shasum": ""
            },
            "require": {
                "composer-plugin-api": "^1.0 || ^2.0"
            },
            "replace": {
                "roundcube/plugin-installer": "*",
                "shama/baton": "*"
            },
            "require-dev": {
                "composer/composer": "1.6.* || ^2.0",
                "composer/semver": "^1 || ^3",
                "phpstan/phpstan": "^0.12.55",
                "phpstan/phpstan-phpunit": "^0.12.16",
                "symfony/phpunit-bridge": "^4.2 || ^5",
                "symfony/process": "^2.3"
            },
            "type": "composer-plugin",
            "extra": {
                "class": "Composer\\Installers\\Plugin",
                "branch-alias": {
                    "dev-main": "1.x-dev"
                }
            },
            "autoload": {
                "psr-4": {
                    "Composer\\Installers\\": "src/Composer/Installers"
                }
            },
            "notification-url": "https://packagist.org/downloads/",
            "license": [
                "MIT"
            ],
            "authors": [
                {
                    "name": "Kyle Robinson Young",
                    "email": "kyle@dontkry.com",
                    "homepage": "https://github.com/shama"
                }
            ],
            "description": "A multi-framework Composer library installer",
            "homepage": "https://composer.github.io/installers/",
            "keywords": [
                "Craft",
                "Dolibarr",
                "Eliasis",
                "Hurad",
                "ImageCMS",
                "Kanboard",
                "Lan Management System",
                "MODX Evo",
                "MantisBT",
                "Mautic",
                "Maya",
                "OXID",
                "Plentymarkets",
                "Porto",
                "RadPHP",
                "SMF",
                "Starbug",
                "Thelia",
                "Whmcs",
                "WolfCMS",
                "agl",
                "aimeos",
                "annotatecms",
                "attogram",
                "bitrix",
                "cakephp",
                "chef",
                "cockpit",
                "codeigniter",
                "concrete5",
                "croogo",
                "dokuwiki",
                "drupal",
                "eZ Platform",
                "elgg",
                "expressionengine",
                "fuelphp",
                "grav",
                "installer",
                "itop",
                "joomla",
                "known",
                "kohana",
                "laravel",
                "lavalite",
                "lithium",
                "magento",
                "majima",
                "mako",
                "mediawiki",
                "miaoxing",
                "modulework",
                "modx",
                "moodle",
                "osclass",
                "pantheon",
                "phpbb",
                "piwik",
                "ppi",
                "processwire",
                "puppet",
                "pxcms",
                "reindex",
                "roundcube",
                "shopware",
                "silverstripe",
                "sydes",
                "sylius",
                "symfony",
                "tastyigniter",
                "typo3",
                "wordpress",
                "yawik",
                "zend",
                "zikula"
            ],
            "support": {
                "issues": "https://github.com/composer/installers/issues",
                "source": "https://github.com/composer/installers/tree/v1.12.0"
            },
            "funding": [
                {
                    "url": "https://packagist.com",
                    "type": "custom"
                },
                {
                    "url": "https://github.com/composer",
                    "type": "github"
                },
                {
                    "url": "https://tidelift.com/funding/github/packagist/composer/composer",
                    "type": "tidelift"
                }
            ],
            "time": "2021-09-13T08:19:44+00:00"
        },
        {
            "name": "doctrine/collections",
            "version": "1.6.8",
            "source": {
                "type": "git",
                "url": "https://github.com/doctrine/collections.git",
                "reference": "1958a744696c6bb3bb0d28db2611dc11610e78af"
            },
            "dist": {
                "type": "zip",
                "url": "https://api.github.com/repos/doctrine/collections/zipball/1958a744696c6bb3bb0d28db2611dc11610e78af",
                "reference": "1958a744696c6bb3bb0d28db2611dc11610e78af",
                "shasum": ""
            },
            "require": {
                "php": "^7.1.3 || ^8.0"
            },
            "require-dev": {
                "doctrine/coding-standard": "^9.0",
                "phpstan/phpstan": "^0.12",
                "phpunit/phpunit": "^7.5 || ^8.5 || ^9.1.5",
                "vimeo/psalm": "^4.2.1"
            },
            "type": "library",
            "autoload": {
                "psr-4": {
                    "Doctrine\\Common\\Collections\\": "lib/Doctrine/Common/Collections"
                }
            },
            "notification-url": "https://packagist.org/downloads/",
            "license": [
                "MIT"
            ],
            "authors": [
                {
                    "name": "Guilherme Blanco",
                    "email": "guilhermeblanco@gmail.com"
                },
                {
                    "name": "Roman Borschel",
                    "email": "roman@code-factory.org"
                },
                {
                    "name": "Benjamin Eberlei",
                    "email": "kontakt@beberlei.de"
                },
                {
                    "name": "Jonathan Wage",
                    "email": "jonwage@gmail.com"
                },
                {
                    "name": "Johannes Schmitt",
                    "email": "schmittjoh@gmail.com"
                }
            ],
            "description": "PHP Doctrine Collections library that adds additional functionality on top of PHP arrays.",
            "homepage": "https://www.doctrine-project.org/projects/collections.html",
            "keywords": [
                "array",
                "collections",
                "iterators",
                "php"
            ],
            "support": {
                "issues": "https://github.com/doctrine/collections/issues",
                "source": "https://github.com/doctrine/collections/tree/1.6.8"
            },
            "time": "2021-08-10T18:51:53+00:00"
        },
        {
            "name": "simshaun/recurr",
            "version": "v4.0.5",
            "source": {
                "type": "git",
                "url": "https://github.com/simshaun/recurr.git",
                "reference": "08b0b46879f598cd11dd42b4c1a9c221a0562749"
            },
            "dist": {
                "type": "zip",
                "url": "https://api.github.com/repos/simshaun/recurr/zipball/08b0b46879f598cd11dd42b4c1a9c221a0562749",
                "reference": "08b0b46879f598cd11dd42b4c1a9c221a0562749",
                "shasum": ""
            },
            "require": {
                "doctrine/collections": "~1.3",
                "php": ">=5.5.0"
            },
            "require-dev": {
                "phpunit/phpunit": "~5.7"
            },
            "type": "library",
            "extra": {
                "branch-alias": {
                    "dev-master": "0.x-dev"
                }
            },
            "autoload": {
                "psr-4": {
                    "Recurr\\": "src/Recurr/"
                }
            },
            "notification-url": "https://packagist.org/downloads/",
            "license": [
                "MIT"
            ],
            "authors": [
                {
                    "name": "Shaun Simmons",
                    "email": "shaun@shaun.pub",
                    "homepage": "https://shaun.pub"
                }
            ],
            "description": "PHP library for working with recurrence rules",
            "homepage": "https://github.com/simshaun/recurr",
            "keywords": [
                "dates",
                "events",
                "recurrence",
                "recurring",
                "rrule"
            ],
            "support": {
                "issues": "https://github.com/simshaun/recurr/issues",
                "source": "https://github.com/simshaun/recurr/tree/v4.0.5"
            },
            "time": "2021-03-25T23:00:49+00:00"
        }
    ],
    "packages-dev": [],
    "aliases": [],
    "minimum-stability": "stable",
    "stability-flags": [],
    "prefer-stable": false,
    "prefer-lowest": false,
    "platform": [],
    "platform-dev": [],
    "plugin-api-version": "2.0.0"
}
